dependencies:
- name: gosre-api
  repository: file://../gosre-api
  version: 0.1.0
- name: gosre-agent
  repository: file://../gosre-agent
  version: 0.1.0
- name: gosre-exporter
  repository: file://../gosre-exporter
  version: 0.1.0
- name: gosre-web
  repository: file://../gosre-web
  version: 0.1.0
- name: gosre-nats
  repository: file://../gosre-nats
  version: 0.1.0
- name: gosre-scheduler
  repository: file://../gosre-scheduler
  version: 0.1.0
- name: gosre-notifier
  repository: file://../gosre-notifier
  version: 0.1.0
digest: sha256:da99fb3e456bbb8544d10b0abcdfdc75f56e91e069efcaeafee7bafa9a6564ea
generated: "2026-05-03T21:52:15.571987025-03:00"
